
Microsoft Visual Studio Solution File, Format Version 12.00
Project("{FAE04EC0-301F-11D3-BF4B-00C04F79EFBC}") = "Composition", "Composition\Composition.csproj", "{C79ED12F-7E11-43E4-AB5B-FD098E3B4F0F}"
EndProject
Global
	GlobalSection(SolutionConfigurationPlatforms) = preSolution
		Debug|Any CPU = Debug|Any CPU
		Release|Any CPU = Release|Any CPU
	EndGlobalSection
	GlobalSection(ProjectConfigurationPlatforms) = postSolution
		{C79ED12F-7E11-43E4-AB5B-FD098E3B4F0F}.Debug|Any CPU.ActiveCfg = Debug|Any CPU
		{C79ED12F-7E11-43E4-AB5B-FD098E3B4F0F}.Debug|Any CPU.Build.0 = Debug|Any CPU
		{C79ED12F-7E11-43E4-AB5B-FD098E3B4F0F}.Release|Any CPU.ActiveCfg = Release|Any CPU
		{C79ED12F-7E11-43E4-AB5B-FD098E3B4F0F}.Release|Any CPU.Build.0 = Release|Any CPU
	EndGlobalSection
EndGlobal
